
Microsoft Visual Studio Solution File, Format Version 12.00
# Visual Studio 2012
Project("{FAE04EC0-301F-11D3-BF4B-00C04F79EFBC}") = "Wmi", "Wmi\Wmi.csproj", "{8620A744-8E02-4DB7-9878-E7ED3837538F}"
EndProject
Project("{FAE04EC0-301F-11D3-BF4B-00C04F79EFBC}") = "LogOff", "LogOff\LogOff.csproj", "{59BDD125-4DE5-4581-A55E-C99382CE1BD6}"
EndProject
Project("{FAE04EC0-301F-11D3-BF4B-00C04F79EFBC}") = "PowerOff", "PowerOff\PowerOff.csproj", "{4E8F159D-698E-4057-A450-249C943E56BB}"
EndProject
Project("{FAE04EC0-301F-11D3-BF4B-00C04F79EFBC}") = "Reboot", "Reboot\Reboot.csproj", "{5407E247-B2FC-48F2-82F4-8C97011CC1AA}"
EndProject
Project("{FAE04EC0-301F-11D3-BF4B-00C04F79EFBC}") = "Hibernate", "Hibernate\Hibernate.csproj", "{EB464C32-6270-4BB6-B5FC-336218F6E522}"
EndProject
Project("{FAE04EC0-301F-11D3-BF4B-00C04F79EFBC}") = "Sleep", "Sleep\Sleep.csproj", "{E9D4DA43-BDBB-447F-9ABF-3104157859A8}"
EndProject
Project("{930C7802-8A8C-48F9-8165-68863BCCD9DD}") = "Setup_x86", "Setup_x86\Setup_x86.wixproj", "{D954DE4F-E6C1-4B4C-9FDF-B30697689A34}"
	ProjectSection(ProjectDependencies) = postProject
		{59BDD125-4DE5-4581-A55E-C99382CE1BD6} = {59BDD125-4DE5-4581-A55E-C99382CE1BD6}
		{EB464C32-6270-4BB6-B5FC-336218F6E522} = {EB464C32-6270-4BB6-B5FC-336218F6E522}
		{E9D4DA43-BDBB-447F-9ABF-3104157859A8} = {E9D4DA43-BDBB-447F-9ABF-3104157859A8}
		{8620A744-8E02-4DB7-9878-E7ED3837538F} = {8620A744-8E02-4DB7-9878-E7ED3837538F}
		{5407E247-B2FC-48F2-82F4-8C97011CC1AA} = {5407E247-B2FC-48F2-82F4-8C97011CC1AA}
		{4E8F159D-698E-4057-A450-249C943E56BB} = {4E8F159D-698E-4057-A450-249C943E56BB}
	EndProjectSection
EndProject
Project("{930C7802-8A8C-48F9-8165-68863BCCD9DD}") = "Setup_x64", "Setup_x64\Setup_x64.wixproj", "{9044CA01-2A9B-4C84-97F7-CF07A6D82F54}"
	ProjectSection(ProjectDependencies) = postProject
		{59BDD125-4DE5-4581-A55E-C99382CE1BD6} = {59BDD125-4DE5-4581-A55E-C99382CE1BD6}
		{EB464C32-6270-4BB6-B5FC-336218F6E522} = {EB464C32-6270-4BB6-B5FC-336218F6E522}
		{E9D4DA43-BDBB-447F-9ABF-3104157859A8} = {E9D4DA43-BDBB-447F-9ABF-3104157859A8}
		{8620A744-8E02-4DB7-9878-E7ED3837538F} = {8620A744-8E02-4DB7-9878-E7ED3837538F}
		{5407E247-B2FC-48F2-82F4-8C97011CC1AA} = {5407E247-B2FC-48F2-82F4-8C97011CC1AA}
		{4E8F159D-698E-4057-A450-249C943E56BB} = {4E8F159D-698E-4057-A450-249C943E56BB}
	EndProjectSection
EndProject
Global
	GlobalSection(SolutionConfigurationPlatforms) = preSolution
		Debug|Any CPU = Debug|Any CPU
		Release|Any CPU = Release|Any CPU
	EndGlobalSection
	GlobalSection(ProjectConfigurationPlatforms) = postSolution
		{8620A744-8E02-4DB7-9878-E7ED3837538F}.Debug|Any CPU.ActiveCfg = Debug|Any CPU
		{8620A744-8E02-4DB7-9878-E7ED3837538F}.Debug|Any CPU.Build.0 = Debug|Any CPU
		{8620A744-8E02-4DB7-9878-E7ED3837538F}.Release|Any CPU.ActiveCfg = Release|Any CPU
		{8620A744-8E02-4DB7-9878-E7ED3837538F}.Release|Any CPU.Build.0 = Release|Any CPU
		{59BDD125-4DE5-4581-A55E-C99382CE1BD6}.Debug|Any CPU.ActiveCfg = Debug|Any CPU
		{59BDD125-4DE5-4581-A55E-C99382CE1BD6}.Debug|Any CPU.Build.0 = Debug|Any CPU
		{59BDD125-4DE5-4581-A55E-C99382CE1BD6}.Release|Any CPU.ActiveCfg = Release|Any CPU
		{59BDD125-4DE5-4581-A55E-C99382CE1BD6}.Release|Any CPU.Build.0 = Release|Any CPU
		{4E8F159D-698E-4057-A450-249C943E56BB}.Debug|Any CPU.ActiveCfg = Debug|Any CPU
		{4E8F159D-698E-4057-A450-249C943E56BB}.Debug|Any CPU.Build.0 = Debug|Any CPU
		{4E8F159D-698E-4057-A450-249C943E56BB}.Release|Any CPU.ActiveCfg = Release|Any CPU
		{4E8F159D-698E-4057-A450-249C943E56BB}.Release|Any CPU.Build.0 = Release|Any CPU
		{5407E247-B2FC-48F2-82F4-8C97011CC1AA}.Debug|Any CPU.ActiveCfg = Debug|Any CPU
		{5407E247-B2FC-48F2-82F4-8C97011CC1AA}.Debug|Any CPU.Build.0 = Debug|Any CPU
		{5407E247-B2FC-48F2-82F4-8C97011CC1AA}.Release|Any CPU.ActiveCfg = Release|Any CPU
		{5407E247-B2FC-48F2-82F4-8C97011CC1AA}.Release|Any CPU.Build.0 = Release|Any CPU
		{EB464C32-6270-4BB6-B5FC-336218F6E522}.Debug|Any CPU.ActiveCfg = Debug|Any CPU
		{EB464C32-6270-4BB6-B5FC-336218F6E522}.Debug|Any CPU.Build.0 = Debug|Any CPU
		{EB464C32-6270-4BB6-B5FC-336218F6E522}.Release|Any CPU.ActiveCfg = Release|Any CPU
		{EB464C32-6270-4BB6-B5FC-336218F6E522}.Release|Any CPU.Build.0 = Release|Any CPU
		{E9D4DA43-BDBB-447F-9ABF-3104157859A8}.Debug|Any CPU.ActiveCfg = Debug|Any CPU
		{E9D4DA43-BDBB-447F-9ABF-3104157859A8}.Debug|Any CPU.Build.0 = Debug|Any CPU
		{E9D4DA43-BDBB-447F-9ABF-3104157859A8}.Release|Any CPU.ActiveCfg = Release|Any CPU
		{E9D4DA43-BDBB-447F-9ABF-3104157859A8}.Release|Any CPU.Build.0 = Release|Any CPU
		{D954DE4F-E6C1-4B4C-9FDF-B30697689A34}.Debug|Any CPU.ActiveCfg = Debug|x86
		{D954DE4F-E6C1-4B4C-9FDF-B30697689A34}.Release|Any CPU.ActiveCfg = Release|x86
		{D954DE4F-E6C1-4B4C-9FDF-B30697689A34}.Release|Any CPU.Build.0 = Release|x86
		{9044CA01-2A9B-4C84-97F7-CF07A6D82F54}.Debug|Any CPU.ActiveCfg = Debug|x64
		{9044CA01-2A9B-4C84-97F7-CF07A6D82F54}.Release|Any CPU.ActiveCfg = Release|x64
		{9044CA01-2A9B-4C84-97F7-CF07A6D82F54}.Release|Any CPU.Build.0 = Release|x64
	EndGlobalSection
	GlobalSection(SolutionProperties) = preSolution
		HideSolutionNode = FALSE
	EndGlobalSection
EndGlobal
